<?xml version="1.0" encoding="UTF-8" standalone="yes" ?>
<CodeBlocks_project_file>
	<FileVersion major="1" minor="6" />
	<Project>
		<Option title="RPG" />
		<Option pch_mode="2" />
		<Option compiler="gcc" />
		<Build>
			<Target title="Debug">
				<Option output="bin/Debug/SDLtest" prefix_auto="1" extension_auto="1" />
				<Option object_output="obj/Debug/" />
				<Option type="1" />
				<Option compiler="gcc" />
				<Compiler>
					<Add option="-g" />
				</Compiler>
			</Target>
			<Target title="Release">
				<Option output="bin/Release/SDLtest" prefix_auto="1" extension_auto="1" />
				<Option object_output="obj/Release/" />
				<Option type="0" />
				<Option compiler="gcc" />
				<Compiler>
					<Add option="-O2" />
				</Compiler>
				<Linker>
					<Add option="-s" />
				</Linker>
			</Target>
		</Build>
		<Compiler>
			<Add option="-Wall" />
			<Add directory="lib/SDL2-2.0.10/i686-w64-mingw32/include" />
		</Compiler>
		<Linker>
			<Add library="D:/netfo/Documents/Ludus/SDL2-2.0.10/i686-w64-mingw32/lib/SDL2_image.lib" />
			<Add library="D:/netfo/Documents/Ludus/SDL2-2.0.10/i686-w64-mingw32/lib/SDL2_ttf.lib" />
			<Add library="mingw32" />
			<Add library="SDL2main" />
			<Add library="SDL2.dll" />
			<Add directory="lib/SDL2-2.0.10/i686-w64-mingw32/lib" />
		</Linker>
		<ExtraCommands>
			<Add after="XCOPY $(#sdl2)\bin\*.dll $(TARGET_OUTPUT_DIR) /D /Y" />
		</ExtraCommands>
		<Unit filename="include/IA.c">
			<Option compilerVar="CC" />
		</Unit>
		<Unit filename="include/IA.h" />
		<Unit filename="include/boxDrawer.c">
			<Option compilerVar="CC" />
		</Unit>
		<Unit filename="include/boxDrawer.h" />
		<Unit filename="include/caracterMatching.c">
			<Option compilerVar="CC" />
		</Unit>
		<Unit filename="include/caracterMatching.h" />
		<Unit filename="include/gameObject.c">
			<Option compilerVar="CC" />
		</Unit>
		<Unit filename="include/gameObject.h" />
		<Unit filename="include/ground.c">
			<Option compilerVar="CC" />
		</Unit>
		<Unit filename="include/ground.h" />
		<Unit filename="include/interface.c">
			<Option compilerVar="CC" />
		</Unit>
		<Unit filename="include/interface.h" />
		<Unit filename="include/item.c">
			<Option compilerVar="CC" />
		</Unit>
		<Unit filename="include/item.h" />
		<Unit filename="include/object.c">
			<Option compilerVar="CC" />
		</Unit>
		<Unit filename="include/object.h" />
		<Unit filename="include/perso.c">
			<Option compilerVar="CC" />
		</Unit>
		<Unit filename="include/perso.h" />
		<Unit filename="include/pile.c">
			<Option compilerVar="CC" />
		</Unit>
		<Unit filename="include/pile.h" />
		<Unit filename="include/scene.c">
			<Option compilerVar="CC" />
		</Unit>
		<Unit filename="include/scene.h" />
		<Unit filename="include/sprite.c">
			<Option compilerVar="CC" />
		</Unit>
		<Unit filename="include/sprite.h" />
		<Unit filename="include/tChar.c">
			<Option compilerVar="CC" />
		</Unit>
		<Unit filename="include/tChar.h" />
		<Unit filename="main.c">
			<Option compilerVar="CC" />
		</Unit>
		<Extensions>
			<code_completion />
			<envvars />
			<debugger />
			<lib_finder disable_auto="1" />
		</Extensions>
	</Project>
</CodeBlocks_project_file>
